
Microsoft Visual Studio Solution File, Format Version 12.00
# Visual Studio Version 17
VisualStudioVersion = 17.14.36705.20 d17.14
MinimumVisualStudioVersion = 10.0.40219.1
Project("{FAE04EC0-301F-11D3-BF4B-00C04F79EFBC}") = "Ilnitsky.PollsA", "Ilnitsky.PollsA\Ilnitsky.PollsA.csproj", "{018ACE69-F412-4DEE-8B40-3BC9B29894C9}"
EndProject
Global
	GlobalSection(SolutionConfigurationPlatforms) = preSolution
		Debug|Any CPU = Debug|Any CPU
		Release|Any CPU = Release|Any CPU
	EndGlobalSection
	GlobalSection(ProjectConfigurationPlatforms) = postSolution
		{018ACE69-F412-4DEE-8B40-3BC9B29894C9}.Debug|Any CPU.ActiveCfg = Debug|Any CPU
		{018ACE69-F412-4DEE-8B40-3BC9B29894C9}.Debug|Any CPU.Build.0 = Debug|Any CPU
		{018ACE69-F412-4DEE-8B40-3BC9B29894C9}.Release|Any CPU.ActiveCfg = Release|Any CPU
		{018ACE69-F412-4DEE-8B40-3BC9B29894C9}.Release|Any CPU.Build.0 = Release|Any CPU
	EndGlobalSection
	GlobalSection(SolutionProperties) = preSolution
		HideSolutionNode = FALSE
	EndGlobalSection
	GlobalSection(ExtensibilityGlobals) = postSolution
		SolutionGuid = {EB420630-594E-4875-BC55-0715548E4BDF}
	EndGlobalSection
EndGlobal
